
Microsoft Visual Studio Solution File, Format Version 12.00
# Visual Studio Version 17
VisualStudioVersion = 17.11.35222.181
MinimumVisualStudioVersion = 10.0.40219.1
Project("{8BC9CEB8-8B4A-11D0-8D11-00A0C91BC942}") = "000_StringCount", "000_StringCount\000_StringCount.vcxproj", "{FF6D70C7-832E-425C-AFB6-1E0C39C7A5A7}"
EndProject
Project("{8BC9CEB8-8B4A-11D0-8D11-00A0C91BC942}") = "001_NumberCount", "001_NumberCount\001_NumberCount.vcxproj", "{0477DA11-B6A1-4050-AF22-368D437BFD7F}"
EndProject
Project("{8BC9CEB8-8B4A-11D0-8D11-00A0C91BC942}") = "002_MyPrintf", "002_MyPrintf\002_MyPrintf.vcxproj", "{FD1D003A-1C83-44BB-8672-6CABE71590F2}"
EndProject
Project("{8BC9CEB8-8B4A-11D0-8D11-00A0C91BC942}") = "003_PlusString", "003_PlusString\003_PlusString.vcxproj", "{4E37D2B7-9EB1-4816-9F51-94960FA81A64}"
EndProject
Project("{8BC9CEB8-8B4A-11D0-8D11-00A0C91BC942}") = "004_TextRPG000", "004_TextRPG000\004_TextRPG000.vcxproj", "{0AE0B952-428D-4E45-9153-B6A7617C8672}"
EndProject
Project("{8BC9CEB8-8B4A-11D0-8D11-00A0C91BC942}") = "005_TextRPG002inheritance", "005_TextRPG002inheritance\005_TextRPG002inheritance.vcxproj", "{DB57806A-EEC6-407D-BF0F-82A8D1A4A7B5}"
EndProject
Project("{8BC9CEB8-8B4A-11D0-8D11-00A0C91BC942}") = "006_TextRPG003", "006_TextRPG003\006_TextRPG003.vcxproj", "{927BD9EC-0BC8-4AC0-B443-5A53443E9BCB}"
EndProject
Project("{8BC9CEB8-8B4A-11D0-8D11-00A0C91BC942}") = "TextRPG003ClassFile", "TextRPG003ClassFile\TextRPG003ClassFile.vcxproj", "{ADAC5A93-943B-4584-B3F9-66AD5DC26F57}"
EndProject
Project("{8BC9CEB8-8B4A-11D0-8D11-00A0C91BC942}") = "BaseSystem", "BaseSystem\BaseSystem.vcxproj", "{0ACEBF45-8515-409B-99DE-190CD392A6FC}"
EndProject
Project("{8BC9CEB8-8B4A-11D0-8D11-00A0C91BC942}") = "TextRpgLast", "TextRpgLast\TextRpgLast.vcxproj", "{58A974E7-93F1-4486-88D3-4C0854C19308}"
EndProject
Project("{8BC9CEB8-8B4A-11D0-8D11-00A0C91BC942}") = "070_NewTest", "070_NewTest\070_NewTest.vcxproj", "{CD79ABD4-66E9-4003-9271-86B8F18310FC}"
EndProject
Project("{8BC9CEB8-8B4A-11D0-8D11-00A0C91BC942}") = "ConsoleGame", "ConsoleGame\ConsoleGame.vcxproj", "{B7AEEB32-05A0-429E-B6B7-A80BADA02D63}"
EndProject
Project("{8BC9CEB8-8B4A-11D0-8D11-00A0C91BC942}") = "074_VirtualInstanceEx", "074_VirtualInstanceEx\074_VirtualInstanceEx.vcxproj", "{38EFBD47-6D3E-4FF0-889A-C72BFE3B8D70}"
EndProject
Project("{8BC9CEB8-8B4A-11D0-8D11-00A0C91BC942}") = "Vector", "Vector\Vector.vcxproj", "{01BC0E81-F834-4CCF-A895-5176B815419D}"
EndProject
Project("{8BC9CEB8-8B4A-11D0-8D11-00A0C91BC942}") = "EngineBase", "EngineBase\EngineBase.vcxproj", "{47E3AAD8-CC6C-46C3-86C8-B7CA1A81DA66}"
EndProject
Project("{8BC9CEB8-8B4A-11D0-8D11-00A0C91BC942}") = "App", "App\App.vcxproj", "{5DD09A05-4D18-41DC-800A-B7FF2817C921}"
EndProject
Project("{8BC9CEB8-8B4A-11D0-8D11-00A0C91BC942}") = "EngineCore", "EngineCore\EngineCore.vcxproj", "{F83BA35A-295F-4844-ADD0-06FDA7CBA5F0}"
EndProject
Project("{8BC9CEB8-8B4A-11D0-8D11-00A0C91BC942}") = "TetrisContents", "TetrisContents\TetrisContents.vcxproj", "{B1BE8BA5-D2F0-4850-81E0-06F8E96AC425}"
EndProject
Project("{2150E333-8FDC-42A3-9474-1A3956D46DE8}") = "Framework", "Framework", "{C205EE8F-D5DA-4AD1-B237-A8DCBA02A380}"
EndProject
Project("{2150E333-8FDC-42A3-9474-1A3956D46DE8}") = "Tetris", "Tetris", "{C3D46C8F-CF06-435F-97F8-772AC559B4E2}"
EndProject
Global
	GlobalSection(SolutionConfigurationPlatforms) = preSolution
		Debug|x64 = Debug|x64
		Debug|x86 = Debug|x86
		Release|x64 = Release|x64
		Release|x86 = Release|x86
	EndGlobalSection
	GlobalSection(ProjectConfigurationPlatforms) = postSolution
		{FF6D70C7-832E-425C-AFB6-1E0C39C7A5A7}.Debug|x64.ActiveCfg = Debug|x64
		{FF6D70C7-832E-425C-AFB6-1E0C39C7A5A7}.Debug|x64.Build.0 = Debug|x64
		{FF6D70C7-832E-425C-AFB6-1E0C39C7A5A7}.Debug|x86.ActiveCfg = Debug|Win32
		{FF6D70C7-832E-425C-AFB6-1E0C39C7A5A7}.Debug|x86.Build.0 = Debug|Win32
		{FF6D70C7-832E-425C-AFB6-1E0C39C7A5A7}.Release|x64.ActiveCfg = Release|x64
		{FF6D70C7-832E-425C-AFB6-1E0C39C7A5A7}.Release|x64.Build.0 = Release|x64
		{FF6D70C7-832E-425C-AFB6-1E0C39C7A5A7}.Release|x86.ActiveCfg = Release|Win32
		{FF6D70C7-832E-425C-AFB6-1E0C39C7A5A7}.Release|x86.Build.0 = Release|Win32
		{0477DA11-B6A1-4050-AF22-368D437BFD7F}.Debug|x64.ActiveCfg = Debug|x64
		{0477DA11-B6A1-4050-AF22-368D437BFD7F}.Debug|x64.Build.0 = Debug|x64
		{0477DA11-B6A1-4050-AF22-368D437BFD7F}.Debug|x86.ActiveCfg = Debug|Win32
		{0477DA11-B6A1-4050-AF22-368D437BFD7F}.Debug|x86.Build.0 = Debug|Win32
		{0477DA11-B6A1-4050-AF22-368D437BFD7F}.Release|x64.ActiveCfg = Release|x64
		{0477DA11-B6A1-4050-AF22-368D437BFD7F}.Release|x64.Build.0 = Release|x64
		{0477DA11-B6A1-4050-AF22-368D437BFD7F}.Release|x86.ActiveCfg = Release|Win32
		{0477DA11-B6A1-4050-AF22-368D437BFD7F}.Release|x86.Build.0 = Release|Win32
		{FD1D003A-1C83-44BB-8672-6CABE71590F2}.Debug|x64.ActiveCfg = Debug|x64
		{FD1D003A-1C83-44BB-8672-6CABE71590F2}.Debug|x64.Build.0 = Debug|x64
		{FD1D003A-1C83-44BB-8672-6CABE71590F2}.Debug|x86.ActiveCfg = Debug|Win32
		{FD1D003A-1C83-44BB-8672-6CABE71590F2}.Debug|x86.Build.0 = Debug|Win32
		{FD1D003A-1C83-44BB-8672-6CABE71590F2}.Release|x64.ActiveCfg = Release|x64
		{FD1D003A-1C83-44BB-8672-6CABE71590F2}.Release|x64.Build.0 = Release|x64
		{FD1D003A-1C83-44BB-8672-6CABE71590F2}.Release|x86.ActiveCfg = Release|Win32
		{FD1D003A-1C83-44BB-8672-6CABE71590F2}.Release|x86.Build.0 = Release|Win32
		{4E37D2B7-9EB1-4816-9F51-94960FA81A64}.Debug|x64.ActiveCfg = Debug|x64
		{4E37D2B7-9EB1-4816-9F51-94960FA81A64}.Debug|x64.Build.0 = Debug|x64
		{4E37D2B7-9EB1-4816-9F51-94960FA81A64}.Debug|x86.ActiveCfg = Debug|Win32
		{4E37D2B7-9EB1-4816-9F51-94960FA81A64}.Debug|x86.Build.0 = Debug|Win32
		{4E37D2B7-9EB1-4816-9F51-94960FA81A64}.Release|x64.ActiveCfg = Release|x64
		{4E37D2B7-9EB1-4816-9F51-94960FA81A64}.Release|x64.Build.0 = Release|x64
		{4E37D2B7-9EB1-4816-9F51-94960FA81A64}.Release|x86.ActiveCfg = Release|Win32
		{4E37D2B7-9EB1-4816-9F51-94960FA81A64}.Release|x86.Build.0 = Release|Win32
		{0AE0B952-428D-4E45-9153-B6A7617C8672}.Debug|x64.ActiveCfg = Debug|x64
		{0AE0B952-428D-4E45-9153-B6A7617C8672}.Debug|x64.Build.0 = Debug|x64
		{0AE0B952-428D-4E45-9153-B6A7617C8672}.Debug|x86.ActiveCfg = Debug|Win32
		{0AE0B952-428D-4E45-9153-B6A7617C8672}.Debug|x86.Build.0 = Debug|Win32
		{0AE0B952-428D-4E45-9153-B6A7617C8672}.Release|x64.ActiveCfg = Release|x64
		{0AE0B952-428D-4E45-9153-B6A7617C8672}.Release|x64.Build.0 = Release|x64
		{0AE0B952-428D-4E45-9153-B6A7617C8672}.Release|x86.ActiveCfg = Release|Win32
		{0AE0B952-428D-4E45-9153-B6A7617C8672}.Release|x86.Build.0 = Release|Win32
		{DB57806A-EEC6-407D-BF0F-82A8D1A4A7B5}.Debug|x64.ActiveCfg = Debug|x64
		{DB57806A-EEC6-407D-BF0F-82A8D1A4A7B5}.Debug|x64.Build.0 = Debug|x64
		{DB57806A-EEC6-407D-BF0F-82A8D1A4A7B5}.Debug|x86.ActiveCfg = Debug|Win32
		{DB57806A-EEC6-407D-BF0F-82A8D1A4A7B5}.Debug|x86.Build.0 = Debug|Win32
		{DB57806A-EEC6-407D-BF0F-82A8D1A4A7B5}.Release|x64.ActiveCfg = Release|x64
		{DB57806A-EEC6-407D-BF0F-82A8D1A4A7B5}.Release|x64.Build.0 = Release|x64
		{DB57806A-EEC6-407D-BF0F-82A8D1A4A7B5}.Release|x86.ActiveCfg = Release|Win32
		{DB57806A-EEC6-407D-BF0F-82A8D1A4A7B5}.Release|x86.Build.0 = Release|Win32
		{927BD9EC-0BC8-4AC0-B443-5A53443E9BCB}.Debug|x64.ActiveCfg = Debug|x64
		{927BD9EC-0BC8-4AC0-B443-5A53443E9BCB}.Debug|x64.Build.0 = Debug|x64
		{927BD9EC-0BC8-4AC0-B443-5A53443E9BCB}.Debug|x86.ActiveCfg = Debug|Win32
		{927BD9EC-0BC8-4AC0-B443-5A53443E9BCB}.Debug|x86.Build.0 = Debug|Win32
		{927BD9EC-0BC8-4AC0-B443-5A53443E9BCB}.Release|x64.ActiveCfg = Release|x64
		{927BD9EC-0BC8-4AC0-B443-5A53443E9BCB}.Release|x64.Build.0 = Release|x64
		{927BD9EC-0BC8-4AC0-B443-5A53443E9BCB}.Release|x86.ActiveCfg = Release|Win32
		{927BD9EC-0BC8-4AC0-B443-5A53443E9BCB}.Release|x86.Build.0 = Release|Win32
		{ADAC5A93-943B-4584-B3F9-66AD5DC26F57}.Debug|x64.ActiveCfg = Debug|x64
		{ADAC5A93-943B-4584-B3F9-66AD5DC26F57}.Debug|x64.Build.0 = Debug|x64
		{ADAC5A93-943B-4584-B3F9-66AD5DC26F57}.Debug|x86.ActiveCfg = Debug|Win32
		{ADAC5A93-943B-4584-B3F9-66AD5DC26F57}.Debug|x86.Build.0 = Debug|Win32
		{ADAC5A93-943B-4584-B3F9-66AD5DC26F57}.Release|x64.ActiveCfg = Release|x64
		{ADAC5A93-943B-4584-B3F9-66AD5DC26F57}.Release|x64.Build.0 = Release|x64
		{ADAC5A93-943B-4584-B3F9-66AD5DC26F57}.Release|x86.ActiveCfg = Release|Win32
		{ADAC5A93-943B-4584-B3F9-66AD5DC26F57}.Release|x86.Build.0 = Release|Win32
		{0ACEBF45-8515-409B-99DE-190CD392A6FC}.Debug|x64.ActiveCfg = Debug|x64
		{0ACEBF45-8515-409B-99DE-190CD392A6FC}.Debug|x64.Build.0 = Debug|x64
		{0ACEBF45-8515-409B-99DE-190CD392A6FC}.Debug|x86.ActiveCfg = Debug|Win32
		{0ACEBF45-8515-409B-99DE-190CD392A6FC}.Debug|x86.Build.0 = Debug|Win32
		{0ACEBF45-8515-409B-99DE-190CD392A6FC}.Release|x64.ActiveCfg = Release|x64
		{0ACEBF45-8515-409B-99DE-190CD392A6FC}.Release|x64.Build.0 = Release|x64
		{0ACEBF45-8515-409B-99DE-190CD392A6FC}.Release|x86.ActiveCfg = Release|Win32
		{0ACEBF45-8515-409B-99DE-190CD392A6FC}.Release|x86.Build.0 = Release|Win32
		{58A974E7-93F1-4486-88D3-4C0854C19308}.Debug|x64.ActiveCfg = Debug|x64
		{58A974E7-93F1-4486-88D3-4C0854C19308}.Debug|x64.Build.0 = Debug|x64
		{58A974E7-93F1-4486-88D3-4C0854C19308}.Debug|x86.ActiveCfg = Debug|Win32
		{58A974E7-93F1-4486-88D3-4C0854C19308}.Debug|x86.Build.0 = Debug|Win32
		{58A974E7-93F1-4486-88D3-4C0854C19308}.Release|x64.ActiveCfg = Release|x64
		{58A974E7-93F1-4486-88D3-4C0854C19308}.Release|x64.Build.0 = Release|x64
		{58A974E7-93F1-4486-88D3-4C0854C19308}.Release|x86.ActiveCfg = Release|Win32
		{58A974E7-93F1-4486-88D3-4C0854C19308}.Release|x86.Build.0 = Release|Win32
		{CD79ABD4-66E9-4003-9271-86B8F18310FC}.Debug|x64.ActiveCfg = Debug|x64
		{CD79ABD4-66E9-4003-9271-86B8F18310FC}.Debug|x64.Build.0 = Debug|x64
		{CD79ABD4-66E9-4003-9271-86B8F18310FC}.Debug|x86.ActiveCfg = Debug|Win32
		{CD79ABD4-66E9-4003-9271-86B8F18310FC}.Debug|x86.Build.0 = Debug|Win32
		{CD79ABD4-66E9-4003-9271-86B8F18310FC}.Release|x64.ActiveCfg = Release|x64
		{CD79ABD4-66E9-4003-9271-86B8F18310FC}.Release|x64.Build.0 = Release|x64
		{CD79ABD4-66E9-4003-9271-86B8F18310FC}.Release|x86.ActiveCfg = Release|Win32
		{CD79ABD4-66E9-4003-9271-86B8F18310FC}.Release|x86.Build.0 = Release|Win32
		{B7AEEB32-05A0-429E-B6B7-A80BADA02D63}.Debug|x64.ActiveCfg = Debug|x64
		{B7AEEB32-05A0-429E-B6B7-A80BADA02D63}.Debug|x64.Build.0 = Debug|x64
		{B7AEEB32-05A0-429E-B6B7-A80BADA02D63}.Debug|x86.ActiveCfg = Debug|Win32
		{B7AEEB32-05A0-429E-B6B7-A80BADA02D63}.Debug|x86.Build.0 = Debug|Win32
		{B7AEEB32-05A0-429E-B6B7-A80BADA02D63}.Release|x64.ActiveCfg = Release|x64
		{B7AEEB32-05A0-429E-B6B7-A80BADA02D63}.Release|x64.Build.0 = Release|x64
		{B7AEEB32-05A0-429E-B6B7-A80BADA02D63}.Release|x86.ActiveCfg = Release|Win32
		{B7AEEB32-05A0-429E-B6B7-A80BADA02D63}.Release|x86.Build.0 = Release|Win32
		{38EFBD47-6D3E-4FF0-889A-C72BFE3B8D70}.Debug|x64.ActiveCfg = Debug|x64
		{38EFBD47-6D3E-4FF0-889A-C72BFE3B8D70}.Debug|x64.Build.0 = Debug|x64
		{38EFBD47-6D3E-4FF0-889A-C72BFE3B8D70}.Debug|x86.ActiveCfg = Debug|Win32
		{38EFBD47-6D3E-4FF0-889A-C72BFE3B8D70}.Debug|x86.Build.0 = Debug|Win32
		{38EFBD47-6D3E-4FF0-889A-C72BFE3B8D70}.Release|x64.ActiveCfg = Release|x64
		{38EFBD47-6D3E-4FF0-889A-C72BFE3B8D70}.Release|x64.Build.0 = Release|x64
		{38EFBD47-6D3E-4FF0-889A-C72BFE3B8D70}.Release|x86.ActiveCfg = Release|Win32
		{38EFBD47-6D3E-4FF0-889A-C72BFE3B8D70}.Release|x86.Build.0 = Release|Win32
		{01BC0E81-F834-4CCF-A895-5176B815419D}.Debug|x64.ActiveCfg = Debug|x64
		{01BC0E81-F834-4CCF-A895-5176B815419D}.Debug|x64.Build.0 = Debug|x64
		{01BC0E81-F834-4CCF-A895-5176B815419D}.Debug|x86.ActiveCfg = Debug|Win32
		{01BC0E81-F834-4CCF-A895-5176B815419D}.Debug|x86.Build.0 = Debug|Win32
		{01BC0E81-F834-4CCF-A895-5176B815419D}.Release|x64.ActiveCfg = Release|x64
		{01BC0E81-F834-4CCF-A895-5176B815419D}.Release|x64.Build.0 = Release|x64
		{01BC0E81-F834-4CCF-A895-5176B815419D}.Release|x86.ActiveCfg = Release|Win32
		{01BC0E81-F834-4CCF-A895-5176B815419D}.Release|x86.Build.0 = Release|Win32
		{47E3AAD8-CC6C-46C3-86C8-B7CA1A81DA66}.Debug|x64.ActiveCfg = Debug|x64
		{47E3AAD8-CC6C-46C3-86C8-B7CA1A81DA66}.Debug|x64.Build.0 = Debug|x64
		{47E3AAD8-CC6C-46C3-86C8-B7CA1A81DA66}.Debug|x86.ActiveCfg = Debug|Win32
		{47E3AAD8-CC6C-46C3-86C8-B7CA1A81DA66}.Debug|x86.Build.0 = Debug|Win32
		{47E3AAD8-CC6C-46C3-86C8-B7CA1A81DA66}.Release|x64.ActiveCfg = Release|x64
		{47E3AAD8-CC6C-46C3-86C8-B7CA1A81DA66}.Release|x64.Build.0 = Release|x64
		{47E3AAD8-CC6C-46C3-86C8-B7CA1A81DA66}.Release|x86.ActiveCfg = Release|Win32
		{47E3AAD8-CC6C-46C3-86C8-B7CA1A81DA66}.Release|x86.Build.0 = Release|Win32
		{5DD09A05-4D18-41DC-800A-B7FF2817C921}.Debug|x64.ActiveCfg = Debug|x64
		{5DD09A05-4D18-41DC-800A-B7FF2817C921}.Debug|x64.Build.0 = Debug|x64
		{5DD09A05-4D18-41DC-800A-B7FF2817C921}.Debug|x86.ActiveCfg = Debug|Win32
		{5DD09A05-4D18-41DC-800A-B7FF2817C921}.Debug|x86.Build.0 = Debug|Win32
		{5DD09A05-4D18-41DC-800A-B7FF2817C921}.Release|x64.ActiveCfg = Release|x64
		{5DD09A05-4D18-41DC-800A-B7FF2817C921}.Release|x64.Build.0 = Release|x64
		{5DD09A05-4D18-41DC-800A-B7FF2817C921}.Release|x86.ActiveCfg = Release|Win32
		{5DD09A05-4D18-41DC-800A-B7FF2817C921}.Release|x86.Build.0 = Release|Win32
		{F83BA35A-295F-4844-ADD0-06FDA7CBA5F0}.Debug|x64.ActiveCfg = Debug|x64
		{F83BA35A-295F-4844-ADD0-06FDA7CBA5F0}.Debug|x64.Build.0 = Debug|x64
		{F83BA35A-295F-4844-ADD0-06FDA7CBA5F0}.Debug|x86.ActiveCfg = Debug|Win32
		{F83BA35A-295F-4844-ADD0-06FDA7CBA5F0}.Debug|x86.Build.0 = Debug|Win32
		{F83BA35A-295F-4844-ADD0-06FDA7CBA5F0}.Release|x64.ActiveCfg = Release|x64
		{F83BA35A-295F-4844-ADD0-06FDA7CBA5F0}.Release|x64.Build.0 = Release|x64
		{F83BA35A-295F-4844-ADD0-06FDA7CBA5F0}.Release|x86.ActiveCfg = Release|Win32
		{F83BA35A-295F-4844-ADD0-06FDA7CBA5F0}.Release|x86.Build.0 = Release|Win32
		{B1BE8BA5-D2F0-4850-81E0-06F8E96AC425}.Debug|x64.ActiveCfg = Debug|x64
		{B1BE8BA5-D2F0-4850-81E0-06F8E96AC425}.Debug|x64.Build.0 = Debug|x64
		{B1BE8BA5-D2F0-4850-81E0-06F8E96AC425}.Debug|x86.ActiveCfg = Debug|Win32
		{B1BE8BA5-D2F0-4850-81E0-06F8E96AC425}.Debug|x86.Build.0 = Debug|Win32
		{B1BE8BA5-D2F0-4850-81E0-06F8E96AC425}.Release|x64.ActiveCfg = Release|x64
		{B1BE8BA5-D2F0-4850-81E0-06F8E96AC425}.Release|x64.Build.0 = Release|x64
		{B1BE8BA5-D2F0-4850-81E0-06F8E96AC425}.Release|x86.ActiveCfg = Release|Win32
		{B1BE8BA5-D2F0-4850-81E0-06F8E96AC425}.Release|x86.Build.0 = Release|Win32
	EndGlobalSection
	GlobalSection(SolutionProperties) = preSolution
		HideSolutionNode = FALSE
	EndGlobalSection
	GlobalSection(NestedProjects) = preSolution
		{47E3AAD8-CC6C-46C3-86C8-B7CA1A81DA66} = {C205EE8F-D5DA-4AD1-B237-A8DCBA02A380}
		{5DD09A05-4D18-41DC-800A-B7FF2817C921} = {C3D46C8F-CF06-435F-97F8-772AC559B4E2}
		{F83BA35A-295F-4844-ADD0-06FDA7CBA5F0} = {C205EE8F-D5DA-4AD1-B237-A8DCBA02A380}
		{B1BE8BA5-D2F0-4850-81E0-06F8E96AC425} = {C3D46C8F-CF06-435F-97F8-772AC559B4E2}
	EndGlobalSection
	GlobalSection(ExtensibilityGlobals) = postSolution
		SolutionGuid = {28763234-37A0-41F1-A0DA-8162744B7213}
	EndGlobalSection
EndGlobal
